
Microsoft Visual Studio Solution File, Format Version 12.00
# Visual Studio Version 16
VisualStudioVersion = 16.0.31410.357
MinimumVisualStudioVersion = 10.0.40219.1
Project("{8BC9CEB8-8B4A-11D0-8D11-00A0C91BC942}") = "obj_loader", "obj_loader\obj_loader.vcxproj", "{B9E00EF5-07F5-4E81-A570-1C6938FBC80F}"
EndProject
Project("{8BC9CEB8-8B4A-11D0-8D11-00A0C91BC942}") = "glfw project", "glfw project\glfw project.vcxproj", "{975EE6DF-C79E-4AC4-B65F-427C8061F99D}"
	ProjectSection(ProjectDependencies) = postProject
		{B9E00EF5-07F5-4E81-A570-1C6938FBC80F} = {B9E00EF5-07F5-4E81-A570-1C6938FBC80F}
	EndProjectSection
EndProject
Global
	GlobalSection(SolutionConfigurationPlatforms) = preSolution
		Debug|x64 = Debug|x64
		Release|x64 = Release|x64
	EndGlobalSection
	GlobalSection(ProjectConfigurationPlatforms) = postSolution
		{B9E00EF5-07F5-4E81-A570-1C6938FBC80F}.Debug|x64.ActiveCfg = Debug|x64
		{B9E00EF5-07F5-4E81-A570-1C6938FBC80F}.Debug|x64.Build.0 = Debug|x64
		{B9E00EF5-07F5-4E81-A570-1C6938FBC80F}.Release|x64.ActiveCfg = Release|x64
		{B9E00EF5-07F5-4E81-A570-1C6938FBC80F}.Release|x64.Build.0 = Release|x64
		{975EE6DF-C79E-4AC4-B65F-427C8061F99D}.Debug|x64.ActiveCfg = Debug|x64
		{975EE6DF-C79E-4AC4-B65F-427C8061F99D}.Debug|x64.Build.0 = Debug|x64
		{975EE6DF-C79E-4AC4-B65F-427C8061F99D}.Release|x64.ActiveCfg = Release|x64
		{975EE6DF-C79E-4AC4-B65F-427C8061F99D}.Release|x64.Build.0 = Release|x64
	EndGlobalSection
	GlobalSection(SolutionProperties) = preSolution
		HideSolutionNode = FALSE
	EndGlobalSection
	GlobalSection(ExtensibilityGlobals) = postSolution
		SolutionGuid = {164F5EE3-B87E-4DDD-9C06-4D7868687CE2}
	EndGlobalSection
EndGlobal
